// !$*UTF8*$!
{
	archiveVersion = 1;
	classes = {
	};
	objectVersion = 50;
	objects = {

/* Begin PBXBuildFile section */
		008BB42123ED6727003C3D7B /* AppDelegate.swift in Sources */ = {isa = PBXBuildFile; fileRef = 008BB42023ED6727003C3D7B /* AppDelegate.swift */; };
		008BB42623ED6727003C3D7B /* Main.storyboard in Resources */ = {isa = PBXBuildFile; fileRef = 008BB42423ED6727003C3D7B /* Main.storyboard */; };
		008BB42823ED6729003C3D7B /* Assets.xcassets in Resources */ = {isa = PBXBuildFile; fileRef = 008BB42723ED6729003C3D7B /* Assets.xcassets */; };
		008BB42B23ED6729003C3D7B /* LaunchScreen.storyboard in Resources */ = {isa = PBXBuildFile; fileRef = 008BB42923ED6729003C3D7B /* LaunchScreen.storyboard */; };
		008BB43623ED672A003C3D7B /* _7022020tableViewAppTests.swift in Sources */ = {isa = PBXBuildFile; fileRef = 008BB43523ED672A003C3D7B /* _7022020tableViewAppTests.swift */; };
		008BB44123ED672A003C3D7B /* _7022020tableViewAppUITests.swift in Sources */ = {isa = PBXBuildFile; fileRef = 008BB44023ED672A003C3D7B /* _7022020tableViewAppUITests.swift */; };
		008BB44F23ED68E3003C3D7B /* DemoVC.swift in Sources */ = {isa = PBXBuildFile; fileRef = 008BB44E23ED68E3003C3D7B /* DemoVC.swift */; };
		008BB45223ED99F8003C3D7B /* TableViewCell.swift in Sources */ = {isa = PBXBuildFile; fileRef = 008BB45023ED99F8003C3D7B /* TableViewCell.swift */; };
		008BB45323ED99F8003C3D7B /* TableViewCell.xib in Resources */ = {isa = PBXBuildFile; fileRef = 008BB45123ED99F8003C3D7B /* TableViewCell.xib */; };
/* End PBXBuildFile section */

/* Begin PBXContainerItemProxy section */
		008BB43223ED672A003C3D7B /* PBXContainerItemProxy */ = {
			isa = PBXContainerItemProxy;
			containerPortal = 008BB41523ED6727003C3D7B /* Project object */;
			proxyType = 1;
			remoteGlobalIDString = 008BB41C23ED6727003C3D7B;
			remoteInfo = 07022020tableViewApp;
		};
		008BB43D23ED672A003C3D7B /* PBXContainerItemProxy */ = {
			isa = PBXContainerItemProxy;
			containerPortal = 008BB41523ED6727003C3D7B /* Project object */;
			proxyType = 1;
			remoteGlobalIDString = 008BB41C23ED6727003C3D7B;
			remoteInfo = 07022020tableViewApp;
		};
/* End PBXContainerItemProxy section */

/* Begin PBXFileReference section */
		008BB41D23ED6727003C3D7B /* 07022020tableViewApp.app */ = {isa = PBXFileReference; explicitFileType = wrapper.application; includeInIndex = 0; path = 07022020tableViewApp.app; sourceTree = BUILT_PRODUCTS_DIR; };
		008BB42023ED6727003C3D7B /* AppDelegate.swift */ = {isa = PBXFileReference; lastKnownFileType = sourcecode.swift; path = AppDelegate.swift; sourceTree = "<group>"; };
		008BB42523ED6727003C3D7B /* Base */ = {isa = PBXFileReference; lastKnownFileType = file.storyboard; name = Base; path = Base.lproj/Main.storyboard; sourceTree = "<group>"; };
		008BB42723ED6729003C3D7B /* Assets.xcassets */ = {isa = PBXFileReference; lastKnownFileType = folder.assetcatalog; path = Assets.xcassets; sourceTree = "<group>"; };
		008BB42A23ED6729003C3D7B /* Base */ = {isa = PBXFileReference; lastKnownFileType = file.storyboard; name = Base; path = Base.lproj/LaunchScreen.storyboard; sourceTree = "<group>"; };
		008BB42C23ED6729003C3D7B /* Info.plist */ = {isa = PBXFileReference; lastKnownFileType = text.plist.xml; path = Info.plist; sourceTree = "<group>"; };
		008BB43123ED672A003C3D7B /* 07022020tableViewAppTests.xctest */ = {isa = PBXFileReference; explicitFileType = wrapper.cfbundle; includeInIndex = 0; path = 07022020tableViewAppTests.xctest; sourceTree = BUILT_PRODUCTS_DIR; };
		008BB43523ED672A003C3D7B /* _7022020tableViewAppTests.swift */ = {isa = PBXFileReference; lastKnownFileType = sourcecode.swift; path = _7022020tableViewAppTests.swift; sourceTree = "<group>"; };
		008BB43723ED672A003C3D7B /* Info.plist */ = {isa = PBXFileReference; lastKnownFileType = text.plist.xml; path = Info.plist; sourceTree = "<group>"; };
		008BB43C23ED672A003C3D7B /* 07022020tableViewAppUITests.xctest */ = {isa = PBXFileReference; explicitFileType = wrapper.cfbundle; includeInIndex = 0; path = 07022020tableViewAppUITests.xctest; sourceTree = BUILT_PRODUCTS_DIR; };
		008BB44023ED672A003C3D7B /* _7022020tableViewAppUITests.swift */ = {isa = PBXFileReference; lastKnownFileType = sourcecode.swift; path = _7022020tableViewAppUITests.swift; sourceTree = "<group>"; };
		008BB44223ED672A003C3D7B /* Info.plist */ = {isa = PBXFileReference; lastKnownFileType = text.plist.xml; path = Info.plist; sourceTree = "<group>"; };
		008BB44E23ED68E3003C3D7B /* DemoVC.swift */ = {isa = PBXFileReference; lastKnownFileType = sourcecode.swift; path = DemoVC.swift; sourceTree = "<group>"; };
		008BB45023ED99F8003C3D7B /* TableViewCell.swift */ = {isa = PBXFileReference; lastKnownFileType = sourcecode.swift; path = TableViewCell.swift; sourceTree = "<group>"; };
		008BB45123ED99F8003C3D7B /* TableViewCell.xib */ = {isa = PBXFileReference; lastKnownFileType = file.xib; path = TableViewCell.xib; sourceTree = "<group>"; };
/* End PBXFileReference section */

/* Begin PBXFrameworksBuildPhase section */
		008BB41A23ED6727003C3D7B /* Frameworks */ = {
			isa = PBXFrameworksBuildPhase;
			buildActionMask = 2147483647;
			files = (
			);
			runOnlyForDeploymentPostprocessing = 0;
		};
		008BB42E23ED672A003C3D7B /* Frameworks */ = {
			isa = PBXFrameworksBuildPhase;
			buildActionMask = 2147483647;
			files = (
			);
			runOnlyForDeploymentPostprocessing = 0;
		};
		008BB43923ED672A003C3D7B /* Frameworks */ = {
			isa = PBXFrameworksBuildPhase;
			buildActionMask = 2147483647;
			files = (
			);
			runOnlyForDeploymentPostprocessing = 0;
		};
/* End PBXFrameworksBuildPhase section */

/* Begin PBXGroup section */
		008BB41423ED6727003C3D7B = {
			isa = PBXGroup;
			children = (
				008BB41F23ED6727003C3D7B /* 07022020tableViewApp */,
				008BB43423ED672A003C3D7B /* 07022020tableViewAppTests */,
				008BB43F23ED672A003C3D7B /* 07022020tableViewAppUITests */,
				008BB41E23ED6727003C3D7B /* Products */,
			);
			sourceTree = "<group>";
		};
		008BB41E23ED6727003C3D7B /* Products */ = {
			isa = PBXGroup;
			children = (
				008BB41D23ED6727003C3D7B /* 07022020tableViewApp.app */,
				008BB43123ED672A003C3D7B /* 07022020tableViewAppTests.xctest */,
				008BB43C23ED672A003C3D7B /* 07022020tableViewAppUITests.xctest */,
			);
			name = Products;
			sourceTree = "<group>";
		};
		008BB41F23ED6727003C3D7B /* 07022020tableViewApp */ = {
			isa = PBXGroup;
			children = (
				008BB42023ED6727003C3D7B /* AppDelegate.swift */,
				008BB42423ED6727003C3D7B /* Main.storyboard */,
				008BB42723ED6729003C3D7B /* Assets.xcassets */,
				008BB42923ED6729003C3D7B /* LaunchScreen.storyboard */,
				008BB42C23ED6729003C3D7B /* Info.plist */,
				008BB44E23ED68E3003C3D7B /* DemoVC.swift */,
				008BB45023ED99F8003C3D7B /* TableViewCell.swift */,
				008BB45123ED99F8003C3D7B /* TableViewCell.xib */,
			);
			path = 07022020tableViewApp;
			sourceTree = "<group>";
		};
		008BB43423ED672A003C3D7B /* 07022020tableViewAppTests */ = {
			isa = PBXGroup;
			children = (
				008BB43523ED672A003C3D7B /* _7022020tableViewAppTests.swift */,
				008BB43723ED672A003C3D7B /* Info.plist */,
			);
			path = 07022020tableViewAppTests;
			sourceTree = "<group>";
		};
		008BB43F23ED672A003C3D7B /* 07022020tableViewAppUITests */ = {
			isa = PBXGroup;
			children = (
				008BB44023ED672A003C3D7B /* _7022020tableViewAppUITests.swift */,
				008BB44223ED672A003C3D7B /* Info.plist */,
			);
			path = 07022020tableViewAppUITests;
			sourceTree = "<group>";
		};
/* End PBXGroup section */

/* Begin PBXNativeTarget section */
		008BB41C23ED6727003C3D7B /* 07022020tableViewApp */ = {
			isa = PBXNativeTarget;
			buildConfigurationList = 008BB44523ED672A003C3D7B /* Build configuration list for PBXNativeTarget "07022020tableViewApp" */;
			buildPhases = (
				008BB41923ED6727003C3D7B /* Sources */,
				008BB41A23ED6727003C3D7B /* Frameworks */,
				008BB41B23ED6727003C3D7B /* Resources */,
			);
			buildRules = (
			);
			dependencies = (
			);
			name = 07022020tableViewApp;
			productName = 07022020tableViewApp;
			productReference = 008BB41D23ED6727003C3D7B /* 07022020tableViewApp.app */;
			productType = "com.apple.product-type.application";
		};
		008BB43023ED672A003C3D7B /* 07022020tableViewAppTests */ = {
			isa = PBXNativeTarget;
			buildConfigurationList = 008BB44823ED672A003C3D7B /* Build configuration list for PBXNativeTarget "07022020tableViewAppTests" */;
			buildPhases = (
				008BB42D23ED672A003C3D7B /* Sources */,
				008BB42E23ED672A003C3D7B /* Frameworks */,
				008BB42F23ED672A003C3D7B /* Resources */,
			);
			buildRules = (
			);
			dependencies = (
				008BB43323ED672A003C3D7B /* PBXTargetDependency */,
			);
			name = 07022020tableViewAppTests;
			productName = 07022020tableViewAppTests;
			productReference = 008BB43123ED672A003C3D7B /* 07022020tableViewAppTests.xctest */;
			productType = "com.apple.product-type.bundle.unit-test";
		};
		008BB43B23ED672A003C3D7B /* 07022020tableViewAppUITests */ = {
			isa = PBXNativeTarget;
			buildConfigurationList = 008BB44B23ED672A003C3D7B /* Build configuration list for PBXNativeTarget "07022020tableViewAppUITests" */;
			buildPhases = (
				008BB43823ED672A003C3D7B /* Sources */,
				008BB43923ED672A003C3D7B /* Frameworks */,
				008BB43A23ED672A003C3D7B /* Resources */,
			);
			buildRules = (
			);
			dependencies = (
				008BB43E23ED672A003C3D7B /* PBXTargetDependency */,
			);
			name = 07022020tableViewAppUITests;
			productName = 07022020tableViewAppUITests;
			productReference = 008BB43C23ED672A003C3D7B /* 07022020tableViewAppUITests.xctest */;
			productType = "com.apple.product-type.bundle.ui-testing";
		};
/* End PBXNativeTarget section */

/* Begin PBXProject section */
		008BB41523ED6727003C3D7B /* Project object */ = {
			isa = PBXProject;
			attributes = {
				LastSwiftUpdateCheck = 1030;
				LastUpgradeCheck = 1030;
				ORGANIZATIONNAME = MatrixTeam;
				TargetAttributes = {
					008BB41C23ED6727003C3D7B = {
						CreatedOnToolsVersion = 10.3;
					};
					008BB43023ED672A003C3D7B = {
						CreatedOnToolsVersion = 10.3;
						TestTargetID = 008BB41C23ED6727003C3D7B;
					};
					008BB43B23ED672A003C3D7B = {
						CreatedOnToolsVersion = 10.3;
						TestTargetID = 008BB41C23ED6727003C3D7B;
					};
				};
			};
			buildConfigurationList = 008BB41823ED6727003C3D7B /* Build configuration list for PBXProject "07022020tableViewApp" */;
			compatibilityVersion = "Xcode 9.3";
			developmentRegion = en;
			hasScannedForEncodings = 0;
			knownRegions = (
				en,
				Base,
			);
			mainGroup = 008BB41423ED6727003C3D7B;
			productRefGroup = 008BB41E23ED6727003C3D7B /* Products */;
			projectDirPath = "";
			projectRoot = "";
			targets = (
				008BB41C23ED6727003C3D7B /* 07022020tableViewApp */,
				008BB43023ED672A003C3D7B /* 07022020tableViewAppTests */,
				008BB43B23ED672A003C3D7B /* 07022020tableViewAppUITests */,
			);
		};
/* End PBXProject section */

/* Begin PBXResourcesBuildPhase section */
		008BB41B23ED6727003C3D7B /* Resources */ = {
			isa = PBXResourcesBuildPhase;
			buildActionMask = 2147483647;
			files = (
				008BB42B23ED6729003C3D7B /* LaunchScreen.storyboard in Resources */,
				008BB45323ED99F8003C3D7B /* TableViewCell.xib in Resources */,
				008BB42823ED6729003C3D7B /* Assets.xcassets in Resources */,
				008BB42623ED6727003C3D7B /* Main.storyboard in Resources */,
			);
			runOnlyForDeploymentPostprocessing = 0;
		};
		008BB42F23ED672A003C3D7B /* Resources */ = {
			isa = PBXResourcesBuildPhase;
			buildActionMask = 2147483647;
			files = (
			);
			runOnlyForDeploymentPostprocessing = 0;
		};
		008BB43A23ED672A003C3D7B /* Resources */ = {
			isa = PBXResourcesBuildPhase;
			buildActionMask = 2147483647;
			files = (
			);
			runOnlyForDeploymentPostprocessing = 0;
		};
/* End PBXResourcesBuildPhase section */

/* Begin PBXSourcesBuildPhase section */
		008BB41923ED6727003C3D7B /* Sources */ = {
			isa = PBXSourcesBuildPhase;
			buildActionMask = 2147483647;
			files = (
				008BB45223ED99F8003C3D7B /* TableViewCell.swift in Sources */,
				008BB42123ED6727003C3D7B /* AppDelegate.swift in Sources */,
				008BB44F23ED68E3003C3D7B /* DemoVC.swift in Sources */,
			);
			runOnlyForDeploymentPostprocessing = 0;
		};
		008BB42D23ED672A003C3D7B /* Sources */ = {
			isa = PBXSourcesBuildPhase;
			buildActionMask = 2147483647;
			files = (
				008BB43623ED672A003C3D7B /* _7022020tableViewAppTests.swift in Sources */,
			);
			runOnlyForDeploymentPostprocessing = 0;
		};
		008BB43823ED672A003C3D7B /* Sources */ = {
			isa = PBXSourcesBuildPhase;
			buildActionMask = 2147483647;
			files = (
				008BB44123ED672A003C3D7B /* _7022020tableViewAppUITests.swift in Sources */,
			);
			runOnlyForDeploymentPostprocessing = 0;
		};
/* End PBXSourcesBuildPhase section */

/* Begin PBXTargetDependency section */
		008BB43323ED672A003C3D7B /* PBXTargetDependency */ = {
			isa = PBXTargetDependency;
			target = 008BB41C23ED6727003C3D7B /* 07022020tableViewApp */;
			targetProxy = 008BB43223ED672A003C3D7B /* PBXContainerItemProxy */;
		};
		008BB43E23ED672A003C3D7B /* PBXTargetDependency */ = {
			isa = PBXTargetDependency;
			target = 008BB41C23ED6727003C3D7B /* 07022020tableViewApp */;
			targetProxy = 008BB43D23ED672A003C3D7B /* PBXContainerItemProxy */;
		};
/* End PBXTargetDependency section */

/* Begin PBXVariantGroup section */
		008BB42423ED6727003C3D7B /* Main.storyboard */ = {
			isa = PBXVariantGroup;
			children = (
				008BB42523ED6727003C3D7B /* Base */,
			);
			name = Main.storyboard;
			sourceTree = "<group>";
		};
		008BB42923ED6729003C3D7B /* LaunchScreen.storyboard */ = {
			isa = PBXVariantGroup;
			children = (
				008BB42A23ED6729003C3D7B /* Base */,
			);
			name = LaunchScreen.storyboard;
			sourceTree = "<group>";
		};
/* End PBXVariantGroup section */

/* Begin XCBuildConfiguration section */
		008BB44323ED672A003C3D7B /* Debug */ = {
			isa = XCBuildConfiguration;
			buildSettings = {
				ALWAYS_SEARCH_USER_PATHS = NO;
				CLANG_ANALYZER_NONNULL = YES;
				CLANG_ANALYZER_NUMBER_OBJECT_CONVERSION = YES_AGGRESSIVE;
				CLANG_CXX_LANGUAGE_STANDARD = "gnu++14";
				CLANG_CXX_LIBRARY = "libc++";
				CLANG_ENABLE_MODULES = YES;
				CLANG_ENABLE_OBJC_ARC = YES;
				CLANG_ENABLE_OBJC_WEAK = YES;
				CLANG_WARN_BLOCK_CAPTURE_AUTORELEASING = YES;
				CLANG_WARN_BOOL_CONVERSION = YES;
				CLANG_WARN_COMMA = YES;
				CLANG_WARN_CONSTANT_CONVERSION = YES;
				CLANG_WARN_DEPRECATED_OBJC_IMPLEMENTATIONS = YES;
				CLANG_WARN_DIRECT_OBJC_ISA_USAGE = YES_ERROR;
				CLANG_WARN_DOCUMENTATION_COMMENTS = YES;
				CLANG_WARN_EMPTY_BODY = YES;
				CLANG_WARN_ENUM_CONVERSION = YES;
				CLANG_WARN_INFINITE_RECURSION = YES;
				CLANG_WARN_INT_CONVERSION = YES;
				CLANG_WARN_NON_LITERAL_NULL_CONVERSION = YES;
				CLANG_WARN_OBJC_IMPLICIT_RETAIN_SELF = YES;
				CLANG_WARN_OBJC_LITERAL_CONVERSION = YES;
				CLANG_WARN_OBJC_ROOT_CLASS = YES_ERROR;
				CLANG_WARN_RANGE_LOOP_ANALYSIS = YES;
				CLANG_WARN_STRICT_PROTOTYPES = YES;
				CLANG_WARN_SUSPICIOUS_MOVE = YES;
				CLANG_WARN_UNGUARDED_AVAILABILITY = YES_AGGRESSIVE;
				CLANG_WARN_UNREACHABLE_CODE = YES;
				CLANG_WARN__DUPLICATE_METHOD_MATCH = YES;
				CODE_SIGN_IDENTITY = "iPhone Developer";
				COPY_PHASE_STRIP = NO;
				DEBUG_INFORMATION_FORMAT = dwarf;
				ENABLE_STRICT_OBJC_MSGSEND = YES;
				ENABLE_TESTABILITY = YES;
				GCC_C_LANGUAGE_STANDARD = gnu11;
				GCC_DYNAMIC_NO_PIC = NO;
				GCC_NO_COMMON_BLOCKS = YES;
				GCC_OPTIMIZATION_LEVEL = 0;
				GCC_PREPROCESSOR_DEFINITIONS = (
					"DEBUG=1",
					"$(inherited)",
				);
				GCC_WARN_64_TO_32_BIT_CONVERSION = YES;
				GCC_WARN_ABOUT_RETURN_TYPE = YES_ERROR;
				GCC_WARN_UNDECLARED_SELECTOR = YES;
				GCC_WARN_UNINITIALIZED_AUTOS = YES_AGGRESSIVE;
				GCC_WARN_UNUSED_FUNCTION = YES;
				GCC_WARN_UNUSED_VARIABLE = YES;
				IPHONEOS_DEPLOYMENT_TARGET = 12.4;
				MTL_ENABLE_DEBUG_INFO = INCLUDE_SOURCE;
				MTL_FAST_MATH = YES;
				ONLY_ACTIVE_ARCH = YES;
				SDKROOT = iphoneos;
				SWIFT_ACTIVE_COMPILATION_CONDITIONS = DEBUG;
				SWIFT_OPTIMIZATION_LEVEL = "-Onone";
			};
			name = Debug;
		};
		008BB44423ED672A003C3D7B /* Release */ = {
			isa = XCBuildConfiguration;
			buildSettings = {
				ALWAYS_SEARCH_USER_PATHS = NO;
				CLANG_ANALYZER_NONNULL = YES;
				CLANG_ANALYZER_NUMBER_OBJECT_CONVERSION = YES_AGGRESSIVE;
				CLANG_CXX_LANGUAGE_STANDARD = "gnu++14";
				CLANG_CXX_LIBRARY = "libc++";
				CLANG_ENABLE_MODULES = YES;
				CLANG_ENABLE_OBJC_ARC = YES;
				CLANG_ENABLE_OBJC_WEAK = YES;
				CLANG_WARN_BLOCK_CAPTURE_AUTORELEASING = YES;
				CLANG_WARN_BOOL_CONVERSION = YES;
				CLANG_WARN_COMMA = YES;
				CLANG_WARN_CONSTANT_CONVERSION = YES;
				CLANG_WARN_DEPRECATED_OBJC_IMPLEMENTATIONS = YES;
				CLANG_WARN_DIRECT_OBJC_ISA_USAGE = YES_ERROR;
				CLANG_WARN_DOCUMENTATION_COMMENTS = YES;
				CLANG_WARN_EMPTY_BODY = YES;
				CLANG_WARN_ENUM_CONVERSION = YES;
				CLANG_WARN_INFINITE_RECURSION = YES;
				CLANG_WARN_INT_CONVERSION = YES;
				CLANG_WARN_NON_LITERAL_NULL_CONVERSION = YES;
				CLANG_WARN_OBJC_IMPLICIT_RETAIN_SELF = YES;
				CLANG_WARN_OBJC_LITERAL_CONVERSION = YES;
				CLANG_WARN_OBJC_ROOT_CLASS = YES_ERROR;
				CLANG_WARN_RANGE_LOOP_ANALYSIS = YES;
				CLANG_WARN_STRICT_PROTOTYPES = YES;
				CLANG_WARN_SUSPICIOUS_MOVE = YES;
				CLANG_WARN_UNGUARDED_AVAILABILITY = YES_AGGRESSIVE;
				CLANG_WARN_UNREACHABLE_CODE = YES;
				CLANG_WARN__DUPLICATE_METHOD_MATCH = YES;
				CODE_SIGN_IDENTITY = "iPhone Developer";
				COPY_PHASE_STRIP = NO;
				DEBUG_INFORMATION_FORMAT = "dwarf-with-dsym";
				ENABLE_NS_ASSERTIONS = NO;
				ENABLE_STRICT_OBJC_MSGSEND = YES;
				GCC_C_LANGUAGE_STANDARD = gnu11;
				GCC_NO_COMMON_BLOCKS = YES;
				GCC_WARN_64_TO_32_BIT_CONVERSION = YES;
				GCC_WARN_ABOUT_RETURN_TYPE = YES_ERROR;
				GCC_WARN_UNDECLARED_SELECTOR = YES;
				GCC_WARN_UNINITIALIZED_AUTOS = YES_AGGRESSIVE;
				GCC_WARN_UNUSED_FUNCTION = YES;
				GCC_WARN_UNUSED_VARIABLE = YES;
				IPHONEOS_DEPLOYMENT_TARGET = 12.4;
				MTL_ENABLE_DEBUG_INFO = NO;
				MTL_FAST_MATH = YES;
				SDKROOT = iphoneos;
				SWIFT_COMPILATION_MODE = wholemodule;
				SWIFT_OPTIMIZATION_LEVEL = "-O";
				VALIDATE_PRODUCT = YES;
			};
			name = Release;
		};
		008BB44623ED672A003C3D7B /* Debug */ = {
			isa = XCBuildConfiguration;
			buildSettings = {
				ASSETCATALOG_COMPILER_APPICON_NAME = AppIcon;
				CODE_SIGN_STYLE = Automatic;
				INFOPLIST_FILE = 07022020tableViewApp/Info.plist;
				LD_RUNPATH_SEARCH_PATHS = (
					"$(inherited)",
					"@executable_path/Frameworks",
				);
				PRODUCT_BUNDLE_IDENTIFIER = "MatrixTeam.-7022020tableViewApp";
				PRODUCT_NAME = "$(TARGET_NAME)";
				SWIFT_VERSION = 5.0;
				TARGETED_DEVICE_FAMILY = "1,2";
			};
			name = Debug;
		};
		008BB44723ED672A003C3D7B /* Release */ = {
			isa = XCBuildConfiguration;
			buildSettings = {
				ASSETCATALOG_COMPILER_APPICON_NAME = AppIcon;
				CODE_SIGN_STYLE = Automatic;
				INFOPLIST_FILE = 07022020tableViewApp/Info.plist;
				LD_RUNPATH_SEARCH_PATHS = (
					"$(inherited)",
					"@executable_path/Frameworks",
				);
				PRODUCT_BUNDLE_IDENTIFIER = "MatrixTeam.-7022020tableViewApp";
				PRODUCT_NAME = "$(TARGET_NAME)";
				SWIFT_VERSION = 5.0;
				TARGETED_DEVICE_FAMILY = "1,2";
			};
			name = Release;
		};
		008BB44923ED672A003C3D7B /* Debug */ = {
			isa = XCBuildConfiguration;
			buildSettings = {
				ALWAYS_EMBED_SWIFT_STANDARD_LIBRARIES = YES;
				BUNDLE_LOADER = "$(TEST_HOST)";
				CODE_SIGN_STYLE = Automatic;
				INFOPLIST_FILE = 07022020tableViewAppTests/Info.plist;
				LD_RUNPATH_SEARCH_PATHS = (
					"$(inherited)",
					"@executable_path/Frameworks",
					"@loader_path/Frameworks",
				);
				PRODUCT_BUNDLE_IDENTIFIER = "MatrixTeam.-7022020tableViewAppTests";
				PRODUCT_NAME = "$(TARGET_NAME)";
				SWIFT_VERSION = 5.0;
				TARGETED_DEVICE_FAMILY = "1,2";
				TEST_HOST = "$(BUILT_PRODUCTS_DIR)/07022020tableViewApp.app/07022020tableViewApp";
			};
			name = Debug;
		};
		008BB44A23ED672A003C3D7B /* Release */ = {
			isa = XCBuildConfiguration;
			buildSettings = {
				ALWAYS_EMBED_SWIFT_STANDARD_LIBRARIES = YES;
				BUNDLE_LOADER = "$(TEST_HOST)";
				CODE_SIGN_STYLE = Automatic;
				INFOPLIST_FILE = 07022020tableViewAppTests/Info.plist;
				LD_RUNPATH_SEARCH_PATHS = (
					"$(inherited)",
					"@executable_path/Frameworks",
					"@loader_path/Frameworks",
				);
				PRODUCT_BUNDLE_IDENTIFIER = "MatrixTeam.-7022020tableViewAppTests";
				PRODUCT_NAME = "$(TARGET_NAME)";
				SWIFT_VERSION = 5.0;
				TARGETED_DEVICE_FAMILY = "1,2";
				TEST_HOST = "$(BUILT_PRODUCTS_DIR)/07022020tableViewApp.app/07022020tableViewApp";
			};
			name = Release;
		};
		008BB44C23ED672A003C3D7B /* Debug */ = {
			isa = XCBuildConfiguration;
			buildSettings = {
				ALWAYS_EMBED_SWIFT_STANDARD_LIBRARIES = YES;
				CODE_SIGN_STYLE = Automatic;
				INFOPLIST_FILE = 07022020tableViewAppUITests/Info.plist;
				LD_RUNPATH_SEARCH_PATHS = (
					"$(inherited)",
					"@executable_path/Frameworks",
					"@loader_path/Frameworks",
				);
				PRODUCT_BUNDLE_IDENTIFIER = "MatrixTeam.-7022020tableViewAppUITests";
				PRODUCT_NAME = "$(TARGET_NAME)";
				SWIFT_VERSION = 5.0;
				TARGETED_DEVICE_FAMILY = "1,2";
				TEST_TARGET_NAME = 07022020tableViewApp;
			};
			name = Debug;
		};
		008BB44D23ED672A003C3D7B /* Release */ = {
			isa = XCBuildConfiguration;
			buildSettings = {
				ALWAYS_EMBED_SWIFT_STANDARD_LIBRARIES = YES;
				CODE_SIGN_STYLE = Automatic;
				INFOPLIST_FILE = 07022020tableViewAppUITests/Info.plist;
				LD_RUNPATH_SEARCH_PATHS = (
					"$(inherited)",
					"@executable_path/Frameworks",
					"@loader_path/Frameworks",
				);
				PRODUCT_BUNDLE_IDENTIFIER = "MatrixTeam.-7022020tableViewAppUITests";
				PRODUCT_NAME = "$(TARGET_NAME)";
				SWIFT_VERSION = 5.0;
				TARGETED_DEVICE_FAMILY = "1,2";
				TEST_TARGET_NAME = 07022020tableViewApp;
			};
			name = Release;
		};
/* End XCBuildConfiguration section */

/* Begin XCConfigurationList section */
		008BB41823ED6727003C3D7B /* Build configuration list for PBXProject "07022020tableViewApp" */ = {
			isa = XCConfigurationList;
			buildConfigurations = (
				008BB44323ED672A003C3D7B /* Debug */,
				008BB44423ED672A003C3D7B /* Release */,
			);
			defaultConfigurationIsVisible = 0;
			defaultConfigurationName = Release;
		};
		008BB44523ED672A003C3D7B /* Build configuration list for PBXNativeTarget "07022020tableViewApp" */ = {
			isa = XCConfigurationList;
			buildConfigurations = (
				008BB44623ED672A003C3D7B /* Debug */,
				008BB44723ED672A003C3D7B /* Release */,
			);
			defaultConfigurationIsVisible = 0;
			defaultConfigurationName = Release;
		};
		008BB44823ED672A003C3D7B /* Build configuration list for PBXNativeTarget "07022020tableViewAppTests" */ = {
			isa = XCConfigurationList;
			buildConfigurations = (
				008BB44923ED672A003C3D7B /* Debug */,
				008BB44A23ED672A003C3D7B /* Release */,
			);
			defaultConfigurationIsVisible = 0;
			defaultConfigurationName = Release;
		};
		008BB44B23ED672A003C3D7B /* Build configuration list for PBXNativeTarget "07022020tableViewAppUITests" */ = {
			isa = XCConfigurationList;
			buildConfigurations = (
				008BB44C23ED672A003C3D7B /* Debug */,
				008BB44D23ED672A003C3D7B /* Release */,
			);
			defaultConfigurationIsVisible = 0;
			defaultConfigurationName = Release;
		};
/* End XCConfigurationList section */
	};
	rootObject = 008BB41523ED6727003C3D7B /* Project object */;
}
